schema: '2.0'
stages:
  importation:
    cmd: python src/data/import_raw_data.py
    deps:
    - path: src/data/import_raw_data.py
      hash: md5
      md5: ca861d471c7105e9618cce46741457dd
      size: 1786
    outs:
    - path: data/raw
      hash: md5
      md5: 41dee78430cbebe25be9986bbb599d4a.dir
      size: 333757
      nfiles: 1
  split:
    cmd: python src/data/make_dataset.py
    deps:
    - path: data/raw
      hash: md5
      md5: 41dee78430cbebe25be9986bbb599d4a.dir
      size: 333757
      nfiles: 1
    - path: src/data/make_dataset.py
      hash: md5
      md5: 13fa1feb76032ab9e42e6faa96a3b89e
      size: 2523
    outs:
    - path: data/processed
      hash: md5
      md5: ea5e20a3ece6ba76477bdc8f954ad90b.dir
      size: 294499
      nfiles: 4
  split_and_normalize:
    cmd: bash src/data/start.sh
    deps:
    - path: data/raw
      hash: md5
      md5: 41dee78430cbebe25be9986bbb599d4a.dir
      size: 333757
      nfiles: 1
    - path: src/data/make_dataset.py
      hash: md5
      md5: 13fa1feb76032ab9e42e6faa96a3b89e
      size: 2523
    outs:
    - path: data/processed
      hash: md5
      md5: f132d642ee5bd2198aded7f85e4c4aa9.dir
      size: 578425
      nfiles: 6
  train:
    cmd: python src/models/train_model.py
    deps:
    - path: data/processed
      hash: md5
      md5: f132d642ee5bd2198aded7f85e4c4aa9.dir
      size: 578425
      nfiles: 6
    - path: src/models/train_model.py
      hash: md5
      md5: f1fb5e170dac9274194037d06f2baaa9
      size: 974
    outs:
    - path: models/rf_model.pkl
      hash: md5
      md5: 18eda6de48f737890125732a09f08779
      size: 5059585
  pred_and_eval:
    cmd: python src/models/predict.py
    deps:
    - path: models/rf_model.pkl
      hash: md5
      md5: 18eda6de48f737890125732a09f08779
      size: 5059585
    - path: src/models/predict.py
      hash: md5
      md5: 2dbefa6c80bb1af02cc446c44a1108f2
      size: 690
    outs:
    - path: data/pred/predictions.csv
      hash: md5
      md5: 10cc19c07e0aa193af41c55c9f8a697e
      size: 10194
    - path: metrics/scores.json
      hash: md5
      md5: a4e58ee6be6df395d63ba5b41bdd7213
      size: 55
